
Microsoft Visual Studio Solution File, Format Version 12.00
# Visual Studio Version 17
VisualStudioVersion = 17.14.36429.23 d17.14
MinimumVisualStudioVersion = 10.0.40219.1
Project("{FAE04EC0-301F-11D3-BF4B-00C04F79EFBC}") = "Konyvtar", "Konyvtar\Konyvtar.csproj", "{042B1AC9-8601-4E6C-BAE1-53BE314D00AD}"
EndProject
Global
	GlobalSection(SolutionConfigurationPlatforms) = preSolution
		Debug|Any CPU = Debug|Any CPU
		Release|Any CPU = Release|Any CPU
	EndGlobalSection
	GlobalSection(ProjectConfigurationPlatforms) = postSolution
		{042B1AC9-8601-4E6C-BAE1-53BE314D00AD}.Debug|Any CPU.ActiveCfg = Debug|Any CPU
		{042B1AC9-8601-4E6C-BAE1-53BE314D00AD}.Debug|Any CPU.Build.0 = Debug|Any CPU
		{042B1AC9-8601-4E6C-BAE1-53BE314D00AD}.Release|Any CPU.ActiveCfg = Release|Any CPU
		{042B1AC9-8601-4E6C-BAE1-53BE314D00AD}.Release|Any CPU.Build.0 = Release|Any CPU
	EndGlobalSection
	GlobalSection(SolutionProperties) = preSolution
		HideSolutionNode = FALSE
	EndGlobalSection
	GlobalSection(ExtensibilityGlobals) = postSolution
		SolutionGuid = {22FB158B-51ED-49CD-824A-5420CDAFE83E}
	EndGlobalSection
EndGlobal
